
Microsoft Visual Studio Solution File, Format Version 12.00
# Visual Studio Version 17
VisualStudioVersion = 17.3.32901.215
MinimumVisualStudioVersion = 10.0.40219.1
Project("{FAE04EC0-301F-11D3-BF4B-00C04F79EFBC}") = "TaskVsValueTask", "TaskVsValueTask\TaskVsValueTask.csproj", "{9536482C-2B53-4913-B77B-1ACBC735CAD2}"
EndProject
Global
	GlobalSection(SolutionConfigurationPlatforms) = preSolution
		Debug|Any CPU = Debug|Any CPU
		Release|Any CPU = Release|Any CPU
	EndGlobalSection
	GlobalSection(ProjectConfigurationPlatforms) = postSolution
		{9536482C-2B53-4913-B77B-1ACBC735CAD2}.Debug|Any CPU.ActiveCfg = Debug|Any CPU
		{9536482C-2B53-4913-B77B-1ACBC735CAD2}.Debug|Any CPU.Build.0 = Debug|Any CPU
		{9536482C-2B53-4913-B77B-1ACBC735CAD2}.Release|Any CPU.ActiveCfg = Release|Any CPU
		{9536482C-2B53-4913-B77B-1ACBC735CAD2}.Release|Any CPU.Build.0 = Release|Any CPU
	EndGlobalSection
	GlobalSection(SolutionProperties) = preSolution
		HideSolutionNode = FALSE
	EndGlobalSection
	GlobalSection(ExtensibilityGlobals) = postSolution
		SolutionGuid = {E15BACC7-90A9-45EE-ADBD-B145C4575C7D}
	EndGlobalSection
EndGlobal
